
Microsoft Visual Studio Solution File, Format Version 12.00
# Visual Studio Version 17
VisualStudioVersion = 17.5.33516.290
MinimumVisualStudioVersion = 10.0.40219.1
Project("{9A19103F-16F7-4668-BE54-9A1E7A4F7556}") = "LaptopStoreProject", "activity1\LaptopStoreProject.csproj", "{50DD0B1D-21F6-40AB-AB85-0756EF516C61}"
EndProject
Global
	GlobalSection(SolutionConfigurationPlatforms) = preSolution
		Debug|Any CPU = Debug|Any CPU
		Release|Any CPU = Release|Any CPU
	EndGlobalSection
	GlobalSection(ProjectConfigurationPlatforms) = postSolution
		{50DD0B1D-21F6-40AB-AB85-0756EF516C61}.Debug|Any CPU.ActiveCfg = Debug|Any CPU
		{50DD0B1D-21F6-40AB-AB85-0756EF516C61}.Debug|Any CPU.Build.0 = Debug|Any CPU
		{50DD0B1D-21F6-40AB-AB85-0756EF516C61}.Release|Any CPU.ActiveCfg = Release|Any CPU
		{50DD0B1D-21F6-40AB-AB85-0756EF516C61}.Release|Any CPU.Build.0 = Release|Any CPU
	EndGlobalSection
	GlobalSection(SolutionProperties) = preSolution
		HideSolutionNode = FALSE
	EndGlobalSection
	GlobalSection(ExtensibilityGlobals) = postSolution
		SolutionGuid = {A1A93457-D7A6-4258-94D5-D97251BA6D19}
	EndGlobalSection
EndGlobal
